
Microsoft Visual Studio Solution File, Format Version 12.00
# Visual Studio 15
VisualStudioVersion = 15.0.27130.2036
MinimumVisualStudioVersion = 10.0.40219.1
Project("{FAE04EC0-301F-11D3-BF4B-00C04F79EFBC}") = "TypescriptVogon", "TypescriptVogon\TypescriptVogon.csproj", "{159D99BE-82BF-4540-986E-2E882A53CCBA}"
EndProject
Global
	GlobalSection(SolutionConfigurationPlatforms) = preSolution
		Debug|Any CPU = Debug|Any CPU
		Release|Any CPU = Release|Any CPU
	EndGlobalSection
	GlobalSection(ProjectConfigurationPlatforms) = postSolution
		{159D99BE-82BF-4540-986E-2E882A53CCBA}.Debug|Any CPU.ActiveCfg = Debug|Any CPU
		{159D99BE-82BF-4540-986E-2E882A53CCBA}.Debug|Any CPU.Build.0 = Debug|Any CPU
		{159D99BE-82BF-4540-986E-2E882A53CCBA}.Release|Any CPU.ActiveCfg = Release|Any CPU
		{159D99BE-82BF-4540-986E-2E882A53CCBA}.Release|Any CPU.Build.0 = Release|Any CPU
	EndGlobalSection
	GlobalSection(SolutionProperties) = preSolution
		HideSolutionNode = FALSE
	EndGlobalSection
	GlobalSection(ExtensibilityGlobals) = postSolution
		SolutionGuid = {786F0600-A519-40B8-B2A9-63D6900BA2CE}
	EndGlobalSection
EndGlobal
